
Microsoft Visual Studio Solution File, Format Version 12.00
# Visual Studio Version 17
VisualStudioVersion = 17.8.34330.188
MinimumVisualStudioVersion = 10.0.40219.1
Project("{9A19103F-16F7-4668-BE54-9A1E7A4F7556}") = "ConsoleApp19", "ConsoleApp19\ConsoleApp19.csproj", "{B8B0078C-E398-4CE6-B7D9-F7ADF30C5DCF}"
EndProject
Project("{FAE04EC0-301F-11D3-BF4B-00C04F79EFBC}") = "ClassLibrary1", "ClassLibrary1\ClassLibrary1.csproj", "{7A94BF82-ED32-4BA3-97FC-F9AD07F8D2D3}"
EndProject
Global
	GlobalSection(SolutionConfigurationPlatforms) = preSolution
		Debug|Any CPU = Debug|Any CPU
		Release|Any CPU = Release|Any CPU
	EndGlobalSection
	GlobalSection(ProjectConfigurationPlatforms) = postSolution
		{B8B0078C-E398-4CE6-B7D9-F7ADF30C5DCF}.Debug|Any CPU.ActiveCfg = Debug|Any CPU
		{B8B0078C-E398-4CE6-B7D9-F7ADF30C5DCF}.Debug|Any CPU.Build.0 = Debug|Any CPU
		{B8B0078C-E398-4CE6-B7D9-F7ADF30C5DCF}.Release|Any CPU.ActiveCfg = Release|Any CPU
		{B8B0078C-E398-4CE6-B7D9-F7ADF30C5DCF}.Release|Any CPU.Build.0 = Release|Any CPU
		{7A94BF82-ED32-4BA3-97FC-F9AD07F8D2D3}.Debug|Any CPU.ActiveCfg = Debug|Any CPU
		{7A94BF82-ED32-4BA3-97FC-F9AD07F8D2D3}.Debug|Any CPU.Build.0 = Debug|Any CPU
		{7A94BF82-ED32-4BA3-97FC-F9AD07F8D2D3}.Release|Any CPU.ActiveCfg = Release|Any CPU
		{7A94BF82-ED32-4BA3-97FC-F9AD07F8D2D3}.Release|Any CPU.Build.0 = Release|Any CPU
	EndGlobalSection
	GlobalSection(SolutionProperties) = preSolution
		HideSolutionNode = FALSE
	EndGlobalSection
	GlobalSection(ExtensibilityGlobals) = postSolution
		SolutionGuid = {DF195308-A5EE-4CCF-A30F-19FB2C444968}
	EndGlobalSection
EndGlobal
